
Microsoft Visual Studio Solution File, Format Version 12.00
# Visual Studio 15
VisualStudioVersion = 15.0.28307.572
MinimumVisualStudioVersion = 10.0.40219.1
Project("{FAE04EC0-301F-11D3-BF4B-00C04F79EFBC}") = "Program01_HelloWorld", "Program1_HelloWorld\Program01_HelloWorld.csproj", "{29E8A8BD-2D9B-4CEE-A0EB-57F96B612443}"
EndProject
Project("{FAE04EC0-301F-11D3-BF4B-00C04F79EFBC}") = "Program02_CompileTimeInitialization", "Program2_CompileTimeInitialization\Program02_CompileTimeInitialization.csproj", "{11E26BC8-8761-4CE5-B71B-CE71A11BF8BC}"
EndProject
Project("{FAE04EC0-301F-11D3-BF4B-00C04F79EFBC}") = "Program03_RunTimeInitialization", "Program3_RunTimeInitialization\Program03_RunTimeInitialization.csproj", "{F0763B3F-112F-4853-9DFE-E533A9DB0CA0}"
EndProject
Project("{FAE04EC0-301F-11D3-BF4B-00C04F79EFBC}") = "Program04_LocalVariable", "Program4_LocalVariable\Program04_LocalVariable.csproj", "{CD276BDF-CFE3-47F7-8164-2AC170C8D50E}"
EndProject
Project("{FAE04EC0-301F-11D3-BF4B-00C04F79EFBC}") = "Program05_InstanceVariable", "Program5_InstanceVariable\Program05_InstanceVariable.csproj", "{9A6DEBAB-5A2B-41C4-812B-238FF9894486}"
EndProject
Project("{FAE04EC0-301F-11D3-BF4B-00C04F79EFBC}") = "Program06_ConstantVariable", "Program6_ConstantVariable\Program06_ConstantVariable.csproj", "{F81FC2E5-A91B-4303-9938-DDB199D62ACD}"
EndProject
Project("{FAE04EC0-301F-11D3-BF4B-00C04F79EFBC}") = "Program07_PointerType", "Program7_PointerType\Program07_PointerType.csproj", "{FCAC57F5-4428-4628-8DB1-D51246139DD1}"
EndProject
Project("{FAE04EC0-301F-11D3-BF4B-00C04F79EFBC}") = "Program08_StaticVariable", "Program8_StaticVariable\Program08_StaticVariable.csproj", "{96951F6F-786C-400B-BACA-F6A705D19BB1}"
EndProject
Project("{FAE04EC0-301F-11D3-BF4B-00C04F79EFBC}") = "Program09_ReferenceObjectType", "Program9_ReferenceObjectType\Program09_ReferenceObjectType.csproj", "{544CEDBB-5C3D-4F9F-9953-F25E9D187AE1}"
EndProject
Project("{FAE04EC0-301F-11D3-BF4B-00C04F79EFBC}") = "Program10_ReadOnlyVariable", "Program10_ReadOnlyVariable\Program10_ReadOnlyVariable.csproj", "{CB323DC6-BA81-4C58-8273-4C7C0F53EE3B}"
EndProject
Project("{FAE04EC0-301F-11D3-BF4B-00C04F79EFBC}") = "Program11_Var", "Program11_Var\Program11_Var.csproj", "{6F1E8262-AB51-488D-862D-082AE3B37B3D}"
EndProject
Project("{FAE04EC0-301F-11D3-BF4B-00C04F79EFBC}") = "Program12_DynamicVariable", "Program12_DynamicVariable\Program12_DynamicVariable.csproj", "{28D8A0AE-06B9-4159-98F2-D6EAF8D362C6}"
EndProject
Project("{FAE04EC0-301F-11D3-BF4B-00C04F79EFBC}") = "Program13_ClassLevelScope", "Program13_ClassLevelScope\Program13_ClassLevelScope.csproj", "{F39A8EDA-6B6E-4937-85C8-8AC26DF870C4}"
EndProject
Project("{FAE04EC0-301F-11D3-BF4B-00C04F79EFBC}") = "Program14_PublicModifier", "Program14_PublicModifier\Program14_PublicModifier.csproj", "{6F95C0DC-BE75-492A-9678-1A0CD47B7D77}"
EndProject
Project("{FAE04EC0-301F-11D3-BF4B-00C04F79EFBC}") = "Program15_ProtectedModifier", "Program15_ProtectedModifier\Program15_ProtectedModifier.csproj", "{7119222A-1709-4BD5-A1EC-F137900FF12C}"
EndProject
Project("{FAE04EC0-301F-11D3-BF4B-00C04F79EFBC}") = "Program16_InternalAccessModifier", "Program16_InternalAccessModifier\Program16_InternalAccessModifier.csproj", "{2D4EFD02-1673-4BD7-BECD-CC8A02AEF39B}"
EndProject
Project("{FAE04EC0-301F-11D3-BF4B-00C04F79EFBC}") = "Program17_ProtectedInternalModifier", "Program17_ProtectedInternalModifier\Program17_ProtectedInternalModifier.csproj", "{6C61C39C-9EBB-4572-A0CD-14BB935CAF70}"
EndProject
Project("{FAE04EC0-301F-11D3-BF4B-00C04F79EFBC}") = "Program18_PrivateModifier", "Program18_PrivateModifier\Program18_PrivateModifier.csproj", "{A8EA3AEB-0D0B-4D19-8BBB-C81D055FC651}"
EndProject
Project("{FAE04EC0-301F-11D3-BF4B-00C04F79EFBC}") = "Program19_PrivateProtectedModifier", "Program19_PrivateProtectedModifier\Program19_PrivateProtectedModifier.csproj", "{5076B65C-DC44-4365-9580-FBB4EA4855B4}"
EndProject
Project("{FAE04EC0-301F-11D3-BF4B-00C04F79EFBC}") = "Program20_Boxing", "Program20_Boxing\Program20_Boxing.csproj", "{0DAD76CC-4C9B-4721-BDB4-84FBC0E2BE25}"
EndProject
Project("{FAE04EC0-301F-11D3-BF4B-00C04F79EFBC}") = "Program21_UnBoxing", "Program21_UnBoxing\Program21_UnBoxing.csproj", "{7BE3076B-D6F9-4105-A18C-F1B6ECEA85CD}"
EndProject
Project("{FAE04EC0-301F-11D3-BF4B-00C04F79EFBC}") = "Program22_ParamKeyword1", "Program22_ParamKeyword1\Program22_ParamKeyword1.csproj", "{A172E4F6-4FCC-4767-9B4E-6688E1F261B6}"
EndProject
Project("{FAE04EC0-301F-11D3-BF4B-00C04F79EFBC}") = "Program23_ParamKeyword2", "Program23_ParamKeyword2\Program23_ParamKeyword2.csproj", "{DDDB8E16-E1A4-4123-A74B-88EE0C99CAE3}"
EndProject
Project("{FAE04EC0-301F-11D3-BF4B-00C04F79EFBC}") = "Program24_ImplicitTypeConversion", "Program24_ImplicitTypeConversion\Program24_ImplicitTypeConversion.csproj", "{D5EDA180-518C-4D84-A39C-A1578969DB5C}"
EndProject
Project("{FAE04EC0-301F-11D3-BF4B-00C04F79EFBC}") = "Program25_ExplicitTypeConversion", "Program25_ExplicitTypeConversion\Program25_ExplicitTypeConversion.csproj", "{ED7FB9B5-EE31-49C2-B882-E43AFF282793}"
EndProject
Project("{FAE04EC0-301F-11D3-BF4B-00C04F79EFBC}") = "Program26_Enumeraation", "Program26_Enumeraation\Program26_Enumeraation.csproj", "{6541B62F-20F9-4464-AE63-01070D9A60FA}"
EndProject
Project("{FAE04EC0-301F-11D3-BF4B-00C04F79EFBC}") = "Program27_GetAndSet", "Program27_GetAndSet\Program27_GetAndSet.csproj", "{CBE114A7-70E3-4E0E-B66B-064D2E08075D}"
EndProject
Project("{FAE04EC0-301F-11D3-BF4B-00C04F79EFBC}") = "Program28_StaticClass", "Program28_StaticClass\Program28_StaticClass.csproj", "{2C21E9EF-17DF-4CF2-9A77-6306C3CACC41}"
EndProject
Project("{FAE04EC0-301F-11D3-BF4B-00C04F79EFBC}") = "Program29_StaticVariable", "Program29_StaticVariable\Program29_StaticVariable.csproj", "{E88E4886-BFEC-4D1A-B7F3-9E4D084B4A00}"
EndProject
Project("{FAE04EC0-301F-11D3-BF4B-00C04F79EFBC}") = "Program30_StaticMethod", "Program30_StaticMethod\Program30_StaticMethod.csproj", "{8EA8DC0A-AA35-43DF-B13A-07237E24D34C}"
EndProject
Project("{FAE04EC0-301F-11D3-BF4B-00C04F79EFBC}") = "Program31_StaticConstructor", "Program31_StaticConstructor\Program31_StaticConstructor.csproj", "{FB32E458-4B24-473E-8BB5-8004133B90AB}"
EndProject
Project("{FAE04EC0-301F-11D3-BF4B-00C04F79EFBC}") = "Program32_TypeOf", "Program31_TypeOf\Program32_TypeOf.csproj", "{A49EF88C-8522-4116-897C-EFB2C9C7C2BD}"
EndProject
Project("{FAE04EC0-301F-11D3-BF4B-00C04F79EFBC}") = "Program33_RefKeyword", "Program33_RefKeyword\Program33_RefKeyword.csproj", "{D4CE97D4-FD55-42B2-AD90-4A3084223E91}"
EndProject
Project("{FAE04EC0-301F-11D3-BF4B-00C04F79EFBC}") = "Program34_InitializingObject", "Program34_InitializingObject\Program34_InitializingObject.csproj", "{68CFF5EC-73AD-4411-80D6-A32F815C7CDE}"
EndProject
Project("{FAE04EC0-301F-11D3-BF4B-00C04F79EFBC}") = "Program35_NestedClasses", "Program35_NestedClasses\Program35_NestedClasses.csproj", "{9A25FA11-76D2-4249-8FAE-1D5D807F064B}"
EndProject
Project("{FAE04EC0-301F-11D3-BF4B-00C04F79EFBC}") = "Program36_Structure", "Program36_Structure\Program36_Structure.csproj", "{D3189131-4B77-4C1F-A4DA-C969AB9A35E6}"
EndProject
Project("{FAE04EC0-301F-11D3-BF4B-00C04F79EFBC}") = "Program37_CopyConstructor", "Program37_CopyConstructor\Program37_CopyConstructor.csproj", "{09B8240A-B22A-4DE5-A297-BCB07326339E}"
EndProject
Project("{FAE04EC0-301F-11D3-BF4B-00C04F79EFBC}") = "Program38_PrivateConstructor", "Program38_PrivateConstructor\Program38_PrivateConstructor.csproj", "{9DB0B324-72AB-47FF-8AD5-4E2957A58D3D}"
EndProject
Project("{FAE04EC0-301F-11D3-BF4B-00C04F79EFBC}") = "Program39_ConstructorOverloading", "Program39_ConstructorOverloading\Program39_ConstructorOverloading.csproj", "{3ED98625-72CF-4281-B6D8-33507A9F14D0}"
EndProject
Project("{FAE04EC0-301F-11D3-BF4B-00C04F79EFBC}") = "Program40_CopyConstructorOverloading", "Program40_CopyConstructorOverloading\Program40_CopyConstructorOverloading.csproj", "{A133DB48-6F74-4A44-8B0D-10EB7242A469}"
EndProject
Project("{FAE04EC0-301F-11D3-BF4B-00C04F79EFBC}") = "Program41_Inheritance", "Program41_Inheritance\Program41_Inheritance.csproj", "{F7BCBFA7-6496-427F-BC53-7F01A5123646}"
EndProject
Project("{FAE04EC0-301F-11D3-BF4B-00C04F79EFBC}") = "Program42_Encapsulation", "Program42_Encapsulation\Program42_Encapsulation.csproj", "{BE38A275-537D-4243-8817-64DC5DC62060}"
EndProject
Project("{FAE04EC0-301F-11D3-BF4B-00C04F79EFBC}") = "Program43_AbstractClass", "Program43_AbstractClass\Program43_AbstractClass.csproj", "{1247BB9E-ECEC-4F26-93DC-FBBB2C3D85B0}"
EndProject
Project("{FAE04EC0-301F-11D3-BF4B-00C04F79EFBC}") = "Program44_this1", "Program44_this1\Program44_this1.csproj", "{5A630FFE-46D1-44AC-B093-5492FA9DC32D}"
EndProject
Project("{FAE04EC0-301F-11D3-BF4B-00C04F79EFBC}") = "Program45_this2", "Program45_this2\Program45_this2.csproj", "{B5890A72-4E67-47D8-B56D-0ABAD670F63C}"
EndProject
Project("{FAE04EC0-301F-11D3-BF4B-00C04F79EFBC}") = "Program46_this3", "Program46_this3\Program46_this3.csproj", "{88BD7FB6-0EBD-4982-A668-D42178413897}"
EndProject
Project("{FAE04EC0-301F-11D3-BF4B-00C04F79EFBC}") = "Program47_this4", "Program47_this4\Program47_this4.csproj", "{CED3C180-8386-4343-AFBE-A1C2F0E9D7C4}"
EndProject
Project("{FAE04EC0-301F-11D3-BF4B-00C04F79EFBC}") = "Program48_this5", "Program48_this5\Program48_this5.csproj", "{FB3FBDCA-25B5-4A3E-BA74-99D4ECE8AF3F}"
EndProject
Project("{FAE04EC0-301F-11D3-BF4B-00C04F79EFBC}") = "Program49_PartialClasses", "Program49_PartialClasses\Program49_PartialClasses.csproj", "{336C2A46-EE2D-41DC-B835-4E722497715C}"
EndProject
Project("{FAE04EC0-301F-11D3-BF4B-00C04F79EFBC}") = "Program50_ShallowCopy", "Program50_ShallowCopy\Program50_ShallowCopy.csproj", "{0429DBDC-AF4A-451F-AC88-4591990F9B75}"
EndProject
Project("{FAE04EC0-301F-11D3-BF4B-00C04F79EFBC}") = "Program51_DeepCopy", "Program51_DeepCopy\Program51_DeepCopy.csproj", "{26541772-D86C-4A05-8E09-10CA2AB04095}"
EndProject
Project("{FAE04EC0-301F-11D3-BF4B-00C04F79EFBC}") = "Program52_CreatingObj1", "Program52_CreatingObj1\Program52_CreatingObj1.csproj", "{DF873B1E-E28A-44A7-9018-AA2FCF30F0E3}"
EndProject
Project("{FAE04EC0-301F-11D3-BF4B-00C04F79EFBC}") = "Program53_CreatingObj2", "Program53_CreatingObj2\Program53_CreatingObj2.csproj", "{8C40D783-78DC-4976-A2BA-FE5905E6EA6F}"
EndProject
Project("{FAE04EC0-301F-11D3-BF4B-00C04F79EFBC}") = "Program54_ObjectInitializer", "Program54_ObjectInitializer\Program54_ObjectInitializer.csproj", "{BA7B1D2A-267F-4A29-AD80-533A3727C14B}"
EndProject
Project("{FAE04EC0-301F-11D3-BF4B-00C04F79EFBC}") = "Program55_CollectionInitializer", "Program55_CollectionInitializer\Program55_CollectionInitializer.csproj", "{D7B7E7CA-BC1D-4ECF-BC61-D4E70F8ABD6E}"
EndProject
Project("{FAE04EC0-301F-11D3-BF4B-00C04F79EFBC}") = "Program56_AccessStructure_UsingArrowMethod", "Program56_AccessStructure_UsingArrowMethod\Program56_AccessStructure_UsingArrowMethod.csproj", "{8BABF007-86C1-4F42-BDF2-04C70A03533B}"
EndProject
Project("{FAE04EC0-301F-11D3-BF4B-00C04F79EFBC}") = "Program57_AccessStructure_UsingDefrencingOperator", "Program57_AccessStructure_UsingDefrencingOperator\Program57_AccessStructure_UsingDefrencingOperator.csproj", "{32FA395E-906E-485D-9593-F1E6A8B717B2}"
EndProject
Global
	GlobalSection(SolutionConfigurationPlatforms) = preSolution
		Debug|Any CPU = Debug|Any CPU
		Release|Any CPU = Release|Any CPU
	EndGlobalSection
	GlobalSection(ProjectConfigurationPlatforms) = postSolution
		{29E8A8BD-2D9B-4CEE-A0EB-57F96B612443}.Debug|Any CPU.ActiveCfg = Debug|Any CPU
		{29E8A8BD-2D9B-4CEE-A0EB-57F96B612443}.Debug|Any CPU.Build.0 = Debug|Any CPU
		{29E8A8BD-2D9B-4CEE-A0EB-57F96B612443}.Release|Any CPU.ActiveCfg = Release|Any CPU
		{29E8A8BD-2D9B-4CEE-A0EB-57F96B612443}.Release|Any CPU.Build.0 = Release|Any CPU
		{11E26BC8-8761-4CE5-B71B-CE71A11BF8BC}.Debug|Any CPU.ActiveCfg = Debug|Any CPU
		{11E26BC8-8761-4CE5-B71B-CE71A11BF8BC}.Debug|Any CPU.Build.0 = Debug|Any CPU
		{11E26BC8-8761-4CE5-B71B-CE71A11BF8BC}.Release|Any CPU.ActiveCfg = Release|Any CPU
		{11E26BC8-8761-4CE5-B71B-CE71A11BF8BC}.Release|Any CPU.Build.0 = Release|Any CPU
		{F0763B3F-112F-4853-9DFE-E533A9DB0CA0}.Debug|Any CPU.ActiveCfg = Debug|Any CPU
		{F0763B3F-112F-4853-9DFE-E533A9DB0CA0}.Debug|Any CPU.Build.0 = Debug|Any CPU
		{F0763B3F-112F-4853-9DFE-E533A9DB0CA0}.Release|Any CPU.ActiveCfg = Release|Any CPU
		{F0763B3F-112F-4853-9DFE-E533A9DB0CA0}.Release|Any CPU.Build.0 = Release|Any CPU
		{CD276BDF-CFE3-47F7-8164-2AC170C8D50E}.Debug|Any CPU.ActiveCfg = Debug|Any CPU
		{CD276BDF-CFE3-47F7-8164-2AC170C8D50E}.Debug|Any CPU.Build.0 = Debug|Any CPU
		{CD276BDF-CFE3-47F7-8164-2AC170C8D50E}.Release|Any CPU.ActiveCfg = Release|Any CPU
		{CD276BDF-CFE3-47F7-8164-2AC170C8D50E}.Release|Any CPU.Build.0 = Release|Any CPU
		{9A6DEBAB-5A2B-41C4-812B-238FF9894486}.Debug|Any CPU.ActiveCfg = Debug|Any CPU
		{9A6DEBAB-5A2B-41C4-812B-238FF9894486}.Debug|Any CPU.Build.0 = Debug|Any CPU
		{9A6DEBAB-5A2B-41C4-812B-238FF9894486}.Release|Any CPU.ActiveCfg = Release|Any CPU
		{9A6DEBAB-5A2B-41C4-812B-238FF9894486}.Release|Any CPU.Build.0 = Release|Any CPU
		{F81FC2E5-A91B-4303-9938-DDB199D62ACD}.Debug|Any CPU.ActiveCfg = Debug|Any CPU
		{F81FC2E5-A91B-4303-9938-DDB199D62ACD}.Debug|Any CPU.Build.0 = Debug|Any CPU
		{F81FC2E5-A91B-4303-9938-DDB199D62ACD}.Release|Any CPU.ActiveCfg = Release|Any CPU
		{F81FC2E5-A91B-4303-9938-DDB199D62ACD}.Release|Any CPU.Build.0 = Release|Any CPU
		{FCAC57F5-4428-4628-8DB1-D51246139DD1}.Debug|Any CPU.ActiveCfg = Debug|Any CPU
		{FCAC57F5-4428-4628-8DB1-D51246139DD1}.Debug|Any CPU.Build.0 = Debug|Any CPU
		{FCAC57F5-4428-4628-8DB1-D51246139DD1}.Release|Any CPU.ActiveCfg = Release|Any CPU
		{FCAC57F5-4428-4628-8DB1-D51246139DD1}.Release|Any CPU.Build.0 = Release|Any CPU
		{96951F6F-786C-400B-BACA-F6A705D19BB1}.Debug|Any CPU.ActiveCfg = Debug|Any CPU
		{96951F6F-786C-400B-BACA-F6A705D19BB1}.Debug|Any CPU.Build.0 = Debug|Any CPU
		{96951F6F-786C-400B-BACA-F6A705D19BB1}.Release|Any CPU.ActiveCfg = Release|Any CPU
		{96951F6F-786C-400B-BACA-F6A705D19BB1}.Release|Any CPU.Build.0 = Release|Any CPU
		{544CEDBB-5C3D-4F9F-9953-F25E9D187AE1}.Debug|Any CPU.ActiveCfg = Debug|Any CPU
		{544CEDBB-5C3D-4F9F-9953-F25E9D187AE1}.Debug|Any CPU.Build.0 = Debug|Any CPU
		{544CEDBB-5C3D-4F9F-9953-F25E9D187AE1}.Release|Any CPU.ActiveCfg = Release|Any CPU
		{544CEDBB-5C3D-4F9F-9953-F25E9D187AE1}.Release|Any CPU.Build.0 = Release|Any CPU
		{CB323DC6-BA81-4C58-8273-4C7C0F53EE3B}.Debug|Any CPU.ActiveCfg = Debug|Any CPU
		{CB323DC6-BA81-4C58-8273-4C7C0F53EE3B}.Debug|Any CPU.Build.0 = Debug|Any CPU
		{CB323DC6-BA81-4C58-8273-4C7C0F53EE3B}.Release|Any CPU.ActiveCfg = Release|Any CPU
		{CB323DC6-BA81-4C58-8273-4C7C0F53EE3B}.Release|Any CPU.Build.0 = Release|Any CPU
		{6F1E8262-AB51-488D-862D-082AE3B37B3D}.Debug|Any CPU.ActiveCfg = Debug|Any CPU
		{6F1E8262-AB51-488D-862D-082AE3B37B3D}.Debug|Any CPU.Build.0 = Debug|Any CPU
		{6F1E8262-AB51-488D-862D-082AE3B37B3D}.Release|Any CPU.ActiveCfg = Release|Any CPU
		{6F1E8262-AB51-488D-862D-082AE3B37B3D}.Release|Any CPU.Build.0 = Release|Any CPU
		{28D8A0AE-06B9-4159-98F2-D6EAF8D362C6}.Debug|Any CPU.ActiveCfg = Debug|Any CPU
		{28D8A0AE-06B9-4159-98F2-D6EAF8D362C6}.Debug|Any CPU.Build.0 = Debug|Any CPU
		{28D8A0AE-06B9-4159-98F2-D6EAF8D362C6}.Release|Any CPU.ActiveCfg = Release|Any CPU
		{28D8A0AE-06B9-4159-98F2-D6EAF8D362C6}.Release|Any CPU.Build.0 = Release|Any CPU
		{F39A8EDA-6B6E-4937-85C8-8AC26DF870C4}.Debug|Any CPU.ActiveCfg = Debug|Any CPU
		{F39A8EDA-6B6E-4937-85C8-8AC26DF870C4}.Debug|Any CPU.Build.0 = Debug|Any CPU
		{F39A8EDA-6B6E-4937-85C8-8AC26DF870C4}.Release|Any CPU.ActiveCfg = Release|Any CPU
		{F39A8EDA-6B6E-4937-85C8-8AC26DF870C4}.Release|Any CPU.Build.0 = Release|Any CPU
		{6F95C0DC-BE75-492A-9678-1A0CD47B7D77}.Debug|Any CPU.ActiveCfg = Debug|Any CPU
		{6F95C0DC-BE75-492A-9678-1A0CD47B7D77}.Debug|Any CPU.Build.0 = Debug|Any CPU
		{6F95C0DC-BE75-492A-9678-1A0CD47B7D77}.Release|Any CPU.ActiveCfg = Release|Any CPU
		{6F95C0DC-BE75-492A-9678-1A0CD47B7D77}.Release|Any CPU.Build.0 = Release|Any CPU
		{7119222A-1709-4BD5-A1EC-F137900FF12C}.Debug|Any CPU.ActiveCfg = Debug|Any CPU
		{7119222A-1709-4BD5-A1EC-F137900FF12C}.Debug|Any CPU.Build.0 = Debug|Any CPU
		{7119222A-1709-4BD5-A1EC-F137900FF12C}.Release|Any CPU.ActiveCfg = Release|Any CPU
		{7119222A-1709-4BD5-A1EC-F137900FF12C}.Release|Any CPU.Build.0 = Release|Any CPU
		{2D4EFD02-1673-4BD7-BECD-CC8A02AEF39B}.Debug|Any CPU.ActiveCfg = Debug|Any CPU
		{2D4EFD02-1673-4BD7-BECD-CC8A02AEF39B}.Debug|Any CPU.Build.0 = Debug|Any CPU
		{2D4EFD02-1673-4BD7-BECD-CC8A02AEF39B}.Release|Any CPU.ActiveCfg = Release|Any CPU
		{2D4EFD02-1673-4BD7-BECD-CC8A02AEF39B}.Release|Any CPU.Build.0 = Release|Any CPU
		{6C61C39C-9EBB-4572-A0CD-14BB935CAF70}.Debug|Any CPU.ActiveCfg = Debug|Any CPU
		{6C61C39C-9EBB-4572-A0CD-14BB935CAF70}.Debug|Any CPU.Build.0 = Debug|Any CPU
		{6C61C39C-9EBB-4572-A0CD-14BB935CAF70}.Release|Any CPU.ActiveCfg = Release|Any CPU
		{6C61C39C-9EBB-4572-A0CD-14BB935CAF70}.Release|Any CPU.Build.0 = Release|Any CPU
		{A8EA3AEB-0D0B-4D19-8BBB-C81D055FC651}.Debug|Any CPU.ActiveCfg = Debug|Any CPU
		{A8EA3AEB-0D0B-4D19-8BBB-C81D055FC651}.Debug|Any CPU.Build.0 = Debug|Any CPU
		{A8EA3AEB-0D0B-4D19-8BBB-C81D055FC651}.Release|Any CPU.ActiveCfg = Release|Any CPU
		{A8EA3AEB-0D0B-4D19-8BBB-C81D055FC651}.Release|Any CPU.Build.0 = Release|Any CPU
		{5076B65C-DC44-4365-9580-FBB4EA4855B4}.Debug|Any CPU.ActiveCfg = Debug|Any CPU
		{5076B65C-DC44-4365-9580-FBB4EA4855B4}.Debug|Any CPU.Build.0 = Debug|Any CPU
		{5076B65C-DC44-4365-9580-FBB4EA4855B4}.Release|Any CPU.ActiveCfg = Release|Any CPU
		{5076B65C-DC44-4365-9580-FBB4EA4855B4}.Release|Any CPU.Build.0 = Release|Any CPU
		{0DAD76CC-4C9B-4721-BDB4-84FBC0E2BE25}.Debug|Any CPU.ActiveCfg = Debug|Any CPU
		{0DAD76CC-4C9B-4721-BDB4-84FBC0E2BE25}.Debug|Any CPU.Build.0 = Debug|Any CPU
		{0DAD76CC-4C9B-4721-BDB4-84FBC0E2BE25}.Release|Any CPU.ActiveCfg = Release|Any CPU
		{0DAD76CC-4C9B-4721-BDB4-84FBC0E2BE25}.Release|Any CPU.Build.0 = Release|Any CPU
		{7BE3076B-D6F9-4105-A18C-F1B6ECEA85CD}.Debug|Any CPU.ActiveCfg = Debug|Any CPU
		{7BE3076B-D6F9-4105-A18C-F1B6ECEA85CD}.Debug|Any CPU.Build.0 = Debug|Any CPU
		{7BE3076B-D6F9-4105-A18C-F1B6ECEA85CD}.Release|Any CPU.ActiveCfg = Release|Any CPU
		{7BE3076B-D6F9-4105-A18C-F1B6ECEA85CD}.Release|Any CPU.Build.0 = Release|Any CPU
		{A172E4F6-4FCC-4767-9B4E-6688E1F261B6}.Debug|Any CPU.ActiveCfg = Debug|Any CPU
		{A172E4F6-4FCC-4767-9B4E-6688E1F261B6}.Debug|Any CPU.Build.0 = Debug|Any CPU
		{A172E4F6-4FCC-4767-9B4E-6688E1F261B6}.Release|Any CPU.ActiveCfg = Release|Any CPU
		{A172E4F6-4FCC-4767-9B4E-6688E1F261B6}.Release|Any CPU.Build.0 = Release|Any CPU
		{DDDB8E16-E1A4-4123-A74B-88EE0C99CAE3}.Debug|Any CPU.ActiveCfg = Debug|Any CPU
		{DDDB8E16-E1A4-4123-A74B-88EE0C99CAE3}.Debug|Any CPU.Build.0 = Debug|Any CPU
		{DDDB8E16-E1A4-4123-A74B-88EE0C99CAE3}.Release|Any CPU.ActiveCfg = Release|Any CPU
		{DDDB8E16-E1A4-4123-A74B-88EE0C99CAE3}.Release|Any CPU.Build.0 = Release|Any CPU
		{D5EDA180-518C-4D84-A39C-A1578969DB5C}.Debug|Any CPU.ActiveCfg = Debug|Any CPU
		{D5EDA180-518C-4D84-A39C-A1578969DB5C}.Debug|Any CPU.Build.0 = Debug|Any CPU
		{D5EDA180-518C-4D84-A39C-A1578969DB5C}.Release|Any CPU.ActiveCfg = Release|Any CPU
		{D5EDA180-518C-4D84-A39C-A1578969DB5C}.Release|Any CPU.Build.0 = Release|Any CPU
		{ED7FB9B5-EE31-49C2-B882-E43AFF282793}.Debug|Any CPU.ActiveCfg = Debug|Any CPU
		{ED7FB9B5-EE31-49C2-B882-E43AFF282793}.Debug|Any CPU.Build.0 = Debug|Any CPU
		{ED7FB9B5-EE31-49C2-B882-E43AFF282793}.Release|Any CPU.ActiveCfg = Release|Any CPU
		{ED7FB9B5-EE31-49C2-B882-E43AFF282793}.Release|Any CPU.Build.0 = Release|Any CPU
		{6541B62F-20F9-4464-AE63-01070D9A60FA}.Debug|Any CPU.ActiveCfg = Debug|Any CPU
		{6541B62F-20F9-4464-AE63-01070D9A60FA}.Debug|Any CPU.Build.0 = Debug|Any CPU
		{6541B62F-20F9-4464-AE63-01070D9A60FA}.Release|Any CPU.ActiveCfg = Release|Any CPU
		{6541B62F-20F9-4464-AE63-01070D9A60FA}.Release|Any CPU.Build.0 = Release|Any CPU
		{CBE114A7-70E3-4E0E-B66B-064D2E08075D}.Debug|Any CPU.ActiveCfg = Debug|Any CPU
		{CBE114A7-70E3-4E0E-B66B-064D2E08075D}.Debug|Any CPU.Build.0 = Debug|Any CPU
		{CBE114A7-70E3-4E0E-B66B-064D2E08075D}.Release|Any CPU.ActiveCfg = Release|Any CPU
		{CBE114A7-70E3-4E0E-B66B-064D2E08075D}.Release|Any CPU.Build.0 = Release|Any CPU
		{2C21E9EF-17DF-4CF2-9A77-6306C3CACC41}.Debug|Any CPU.ActiveCfg = Debug|Any CPU
		{2C21E9EF-17DF-4CF2-9A77-6306C3CACC41}.Debug|Any CPU.Build.0 = Debug|Any CPU
		{2C21E9EF-17DF-4CF2-9A77-6306C3CACC41}.Release|Any CPU.ActiveCfg = Release|Any CPU
		{2C21E9EF-17DF-4CF2-9A77-6306C3CACC41}.Release|Any CPU.Build.0 = Release|Any CPU
		{E88E4886-BFEC-4D1A-B7F3-9E4D084B4A00}.Debug|Any CPU.ActiveCfg = Debug|Any CPU
		{E88E4886-BFEC-4D1A-B7F3-9E4D084B4A00}.Debug|Any CPU.Build.0 = Debug|Any CPU
		{E88E4886-BFEC-4D1A-B7F3-9E4D084B4A00}.Release|Any CPU.ActiveCfg = Release|Any CPU
		{E88E4886-BFEC-4D1A-B7F3-9E4D084B4A00}.Release|Any CPU.Build.0 = Release|Any CPU
		{8EA8DC0A-AA35-43DF-B13A-07237E24D34C}.Debug|Any CPU.ActiveCfg = Debug|Any CPU
		{8EA8DC0A-AA35-43DF-B13A-07237E24D34C}.Debug|Any CPU.Build.0 = Debug|Any CPU
		{8EA8DC0A-AA35-43DF-B13A-07237E24D34C}.Release|Any CPU.ActiveCfg = Release|Any CPU
		{8EA8DC0A-AA35-43DF-B13A-07237E24D34C}.Release|Any CPU.Build.0 = Release|Any CPU
		{FB32E458-4B24-473E-8BB5-8004133B90AB}.Debug|Any CPU.ActiveCfg = Debug|Any CPU
		{FB32E458-4B24-473E-8BB5-8004133B90AB}.Debug|Any CPU.Build.0 = Debug|Any CPU
		{FB32E458-4B24-473E-8BB5-8004133B90AB}.Release|Any CPU.ActiveCfg = Release|Any CPU
		{FB32E458-4B24-473E-8BB5-8004133B90AB}.Release|Any CPU.Build.0 = Release|Any CPU
		{A49EF88C-8522-4116-897C-EFB2C9C7C2BD}.Debug|Any CPU.ActiveCfg = Debug|Any CPU
		{A49EF88C-8522-4116-897C-EFB2C9C7C2BD}.Debug|Any CPU.Build.0 = Debug|Any CPU
		{A49EF88C-8522-4116-897C-EFB2C9C7C2BD}.Release|Any CPU.ActiveCfg = Release|Any CPU
		{A49EF88C-8522-4116-897C-EFB2C9C7C2BD}.Release|Any CPU.Build.0 = Release|Any CPU
		{D4CE97D4-FD55-42B2-AD90-4A3084223E91}.Debug|Any CPU.ActiveCfg = Debug|Any CPU
		{D4CE97D4-FD55-42B2-AD90-4A3084223E91}.Debug|Any CPU.Build.0 = Debug|Any CPU
		{D4CE97D4-FD55-42B2-AD90-4A3084223E91}.Release|Any CPU.ActiveCfg = Release|Any CPU
		{D4CE97D4-FD55-42B2-AD90-4A3084223E91}.Release|Any CPU.Build.0 = Release|Any CPU
		{68CFF5EC-73AD-4411-80D6-A32F815C7CDE}.Debug|Any CPU.ActiveCfg = Debug|Any CPU
		{68CFF5EC-73AD-4411-80D6-A32F815C7CDE}.Debug|Any CPU.Build.0 = Debug|Any CPU
		{68CFF5EC-73AD-4411-80D6-A32F815C7CDE}.Release|Any CPU.ActiveCfg = Release|Any CPU
		{68CFF5EC-73AD-4411-80D6-A32F815C7CDE}.Release|Any CPU.Build.0 = Release|Any CPU
		{9A25FA11-76D2-4249-8FAE-1D5D807F064B}.Debug|Any CPU.ActiveCfg = Debug|Any CPU
		{9A25FA11-76D2-4249-8FAE-1D5D807F064B}.Debug|Any CPU.Build.0 = Debug|Any CPU
		{9A25FA11-76D2-4249-8FAE-1D5D807F064B}.Release|Any CPU.ActiveCfg = Release|Any CPU
		{9A25FA11-76D2-4249-8FAE-1D5D807F064B}.Release|Any CPU.Build.0 = Release|Any CPU
		{D3189131-4B77-4C1F-A4DA-C969AB9A35E6}.Debug|Any CPU.ActiveCfg = Debug|Any CPU
		{D3189131-4B77-4C1F-A4DA-C969AB9A35E6}.Debug|Any CPU.Build.0 = Debug|Any CPU
		{D3189131-4B77-4C1F-A4DA-C969AB9A35E6}.Release|Any CPU.ActiveCfg = Release|Any CPU
		{D3189131-4B77-4C1F-A4DA-C969AB9A35E6}.Release|Any CPU.Build.0 = Release|Any CPU
		{09B8240A-B22A-4DE5-A297-BCB07326339E}.Debug|Any CPU.ActiveCfg = Debug|Any CPU
		{09B8240A-B22A-4DE5-A297-BCB07326339E}.Debug|Any CPU.Build.0 = Debug|Any CPU
		{09B8240A-B22A-4DE5-A297-BCB07326339E}.Release|Any CPU.ActiveCfg = Release|Any CPU
		{09B8240A-B22A-4DE5-A297-BCB07326339E}.Release|Any CPU.Build.0 = Release|Any CPU
		{9DB0B324-72AB-47FF-8AD5-4E2957A58D3D}.Debug|Any CPU.ActiveCfg = Debug|Any CPU
		{9DB0B324-72AB-47FF-8AD5-4E2957A58D3D}.Debug|Any CPU.Build.0 = Debug|Any CPU
		{9DB0B324-72AB-47FF-8AD5-4E2957A58D3D}.Release|Any CPU.ActiveCfg = Release|Any CPU
		{9DB0B324-72AB-47FF-8AD5-4E2957A58D3D}.Release|Any CPU.Build.0 = Release|Any CPU
		{3ED98625-72CF-4281-B6D8-33507A9F14D0}.Debug|Any CPU.ActiveCfg = Debug|Any CPU
		{3ED98625-72CF-4281-B6D8-33507A9F14D0}.Debug|Any CPU.Build.0 = Debug|Any CPU
		{3ED98625-72CF-4281-B6D8-33507A9F14D0}.Release|Any CPU.ActiveCfg = Release|Any CPU
		{3ED98625-72CF-4281-B6D8-33507A9F14D0}.Release|Any CPU.Build.0 = Release|Any CPU
		{A133DB48-6F74-4A44-8B0D-10EB7242A469}.Debug|Any CPU.ActiveCfg = Debug|Any CPU
		{A133DB48-6F74-4A44-8B0D-10EB7242A469}.Debug|Any CPU.Build.0 = Debug|Any CPU
		{A133DB48-6F74-4A44-8B0D-10EB7242A469}.Release|Any CPU.ActiveCfg = Release|Any CPU
		{A133DB48-6F74-4A44-8B0D-10EB7242A469}.Release|Any CPU.Build.0 = Release|Any CPU
		{F7BCBFA7-6496-427F-BC53-7F01A5123646}.Debug|Any CPU.ActiveCfg = Debug|Any CPU
		{F7BCBFA7-6496-427F-BC53-7F01A5123646}.Debug|Any CPU.Build.0 = Debug|Any CPU
		{F7BCBFA7-6496-427F-BC53-7F01A5123646}.Release|Any CPU.ActiveCfg = Release|Any CPU
		{F7BCBFA7-6496-427F-BC53-7F01A5123646}.Release|Any CPU.Build.0 = Release|Any CPU
		{BE38A275-537D-4243-8817-64DC5DC62060}.Debug|Any CPU.ActiveCfg = Debug|Any CPU
		{BE38A275-537D-4243-8817-64DC5DC62060}.Debug|Any CPU.Build.0 = Debug|Any CPU
		{BE38A275-537D-4243-8817-64DC5DC62060}.Release|Any CPU.ActiveCfg = Release|Any CPU
		{BE38A275-537D-4243-8817-64DC5DC62060}.Release|Any CPU.Build.0 = Release|Any CPU
		{1247BB9E-ECEC-4F26-93DC-FBBB2C3D85B0}.Debug|Any CPU.ActiveCfg = Debug|Any CPU
		{1247BB9E-ECEC-4F26-93DC-FBBB2C3D85B0}.Debug|Any CPU.Build.0 = Debug|Any CPU
		{1247BB9E-ECEC-4F26-93DC-FBBB2C3D85B0}.Release|Any CPU.ActiveCfg = Release|Any CPU
		{1247BB9E-ECEC-4F26-93DC-FBBB2C3D85B0}.Release|Any CPU.Build.0 = Release|Any CPU
		{5A630FFE-46D1-44AC-B093-5492FA9DC32D}.Debug|Any CPU.ActiveCfg = Debug|Any CPU
		{5A630FFE-46D1-44AC-B093-5492FA9DC32D}.Debug|Any CPU.Build.0 = Debug|Any CPU
		{5A630FFE-46D1-44AC-B093-5492FA9DC32D}.Release|Any CPU.ActiveCfg = Release|Any CPU
		{5A630FFE-46D1-44AC-B093-5492FA9DC32D}.Release|Any CPU.Build.0 = Release|Any CPU
		{B5890A72-4E67-47D8-B56D-0ABAD670F63C}.Debug|Any CPU.ActiveCfg = Debug|Any CPU
		{B5890A72-4E67-47D8-B56D-0ABAD670F63C}.Debug|Any CPU.Build.0 = Debug|Any CPU
		{B5890A72-4E67-47D8-B56D-0ABAD670F63C}.Release|Any CPU.ActiveCfg = Release|Any CPU
		{B5890A72-4E67-47D8-B56D-0ABAD670F63C}.Release|Any CPU.Build.0 = Release|Any CPU
		{88BD7FB6-0EBD-4982-A668-D42178413897}.Debug|Any CPU.ActiveCfg = Debug|Any CPU
		{88BD7FB6-0EBD-4982-A668-D42178413897}.Debug|Any CPU.Build.0 = Debug|Any CPU
		{88BD7FB6-0EBD-4982-A668-D42178413897}.Release|Any CPU.ActiveCfg = Release|Any CPU
		{88BD7FB6-0EBD-4982-A668-D42178413897}.Release|Any CPU.Build.0 = Release|Any CPU
		{CED3C180-8386-4343-AFBE-A1C2F0E9D7C4}.Debug|Any CPU.ActiveCfg = Debug|Any CPU
		{CED3C180-8386-4343-AFBE-A1C2F0E9D7C4}.Debug|Any CPU.Build.0 = Debug|Any CPU
		{CED3C180-8386-4343-AFBE-A1C2F0E9D7C4}.Release|Any CPU.ActiveCfg = Release|Any CPU
		{CED3C180-8386-4343-AFBE-A1C2F0E9D7C4}.Release|Any CPU.Build.0 = Release|Any CPU
		{FB3FBDCA-25B5-4A3E-BA74-99D4ECE8AF3F}.Debug|Any CPU.ActiveCfg = Debug|Any CPU
		{FB3FBDCA-25B5-4A3E-BA74-99D4ECE8AF3F}.Debug|Any CPU.Build.0 = Debug|Any CPU
		{FB3FBDCA-25B5-4A3E-BA74-99D4ECE8AF3F}.Release|Any CPU.ActiveCfg = Release|Any CPU
		{FB3FBDCA-25B5-4A3E-BA74-99D4ECE8AF3F}.Release|Any CPU.Build.0 = Release|Any CPU
		{336C2A46-EE2D-41DC-B835-4E722497715C}.Debug|Any CPU.ActiveCfg = Debug|Any CPU
		{336C2A46-EE2D-41DC-B835-4E722497715C}.Debug|Any CPU.Build.0 = Debug|Any CPU
		{336C2A46-EE2D-41DC-B835-4E722497715C}.Release|Any CPU.ActiveCfg = Release|Any CPU
		{336C2A46-EE2D-41DC-B835-4E722497715C}.Release|Any CPU.Build.0 = Release|Any CPU
		{0429DBDC-AF4A-451F-AC88-4591990F9B75}.Debug|Any CPU.ActiveCfg = Debug|Any CPU
		{0429DBDC-AF4A-451F-AC88-4591990F9B75}.Debug|Any CPU.Build.0 = Debug|Any CPU
		{0429DBDC-AF4A-451F-AC88-4591990F9B75}.Release|Any CPU.ActiveCfg = Release|Any CPU
		{0429DBDC-AF4A-451F-AC88-4591990F9B75}.Release|Any CPU.Build.0 = Release|Any CPU
		{26541772-D86C-4A05-8E09-10CA2AB04095}.Debug|Any CPU.ActiveCfg = Debug|Any CPU
		{26541772-D86C-4A05-8E09-10CA2AB04095}.Debug|Any CPU.Build.0 = Debug|Any CPU
		{26541772-D86C-4A05-8E09-10CA2AB04095}.Release|Any CPU.ActiveCfg = Release|Any CPU
		{26541772-D86C-4A05-8E09-10CA2AB04095}.Release|Any CPU.Build.0 = Release|Any CPU
		{DF873B1E-E28A-44A7-9018-AA2FCF30F0E3}.Debug|Any CPU.ActiveCfg = Debug|Any CPU
		{DF873B1E-E28A-44A7-9018-AA2FCF30F0E3}.Debug|Any CPU.Build.0 = Debug|Any CPU
		{DF873B1E-E28A-44A7-9018-AA2FCF30F0E3}.Release|Any CPU.ActiveCfg = Release|Any CPU
		{DF873B1E-E28A-44A7-9018-AA2FCF30F0E3}.Release|Any CPU.Build.0 = Release|Any CPU
		{8C40D783-78DC-4976-A2BA-FE5905E6EA6F}.Debug|Any CPU.ActiveCfg = Debug|Any CPU
		{8C40D783-78DC-4976-A2BA-FE5905E6EA6F}.Debug|Any CPU.Build.0 = Debug|Any CPU
		{8C40D783-78DC-4976-A2BA-FE5905E6EA6F}.Release|Any CPU.ActiveCfg = Release|Any CPU
		{8C40D783-78DC-4976-A2BA-FE5905E6EA6F}.Release|Any CPU.Build.0 = Release|Any CPU
		{BA7B1D2A-267F-4A29-AD80-533A3727C14B}.Debug|Any CPU.ActiveCfg = Debug|Any CPU
		{BA7B1D2A-267F-4A29-AD80-533A3727C14B}.Debug|Any CPU.Build.0 = Debug|Any CPU
		{BA7B1D2A-267F-4A29-AD80-533A3727C14B}.Release|Any CPU.ActiveCfg = Release|Any CPU
		{BA7B1D2A-267F-4A29-AD80-533A3727C14B}.Release|Any CPU.Build.0 = Release|Any CPU
		{D7B7E7CA-BC1D-4ECF-BC61-D4E70F8ABD6E}.Debug|Any CPU.ActiveCfg = Debug|Any CPU
		{D7B7E7CA-BC1D-4ECF-BC61-D4E70F8ABD6E}.Debug|Any CPU.Build.0 = Debug|Any CPU
		{D7B7E7CA-BC1D-4ECF-BC61-D4E70F8ABD6E}.Release|Any CPU.ActiveCfg = Release|Any CPU
		{D7B7E7CA-BC1D-4ECF-BC61-D4E70F8ABD6E}.Release|Any CPU.Build.0 = Release|Any CPU
		{8BABF007-86C1-4F42-BDF2-04C70A03533B}.Debug|Any CPU.ActiveCfg = Debug|Any CPU
		{8BABF007-86C1-4F42-BDF2-04C70A03533B}.Debug|Any CPU.Build.0 = Debug|Any CPU
		{8BABF007-86C1-4F42-BDF2-04C70A03533B}.Release|Any CPU.ActiveCfg = Release|Any CPU
		{8BABF007-86C1-4F42-BDF2-04C70A03533B}.Release|Any CPU.Build.0 = Release|Any CPU
		{32FA395E-906E-485D-9593-F1E6A8B717B2}.Debug|Any CPU.ActiveCfg = Debug|Any CPU
		{32FA395E-906E-485D-9593-F1E6A8B717B2}.Debug|Any CPU.Build.0 = Debug|Any CPU
		{32FA395E-906E-485D-9593-F1E6A8B717B2}.Release|Any CPU.ActiveCfg = Release|Any CPU
		{32FA395E-906E-485D-9593-F1E6A8B717B2}.Release|Any CPU.Build.0 = Release|Any CPU
	EndGlobalSection
	GlobalSection(SolutionProperties) = preSolution
		HideSolutionNode = FALSE
	EndGlobalSection
	GlobalSection(ExtensibilityGlobals) = postSolution
		SolutionGuid = {9E23013F-D400-495C-82B8-E0C5BC79D455}
	EndGlobalSection
EndGlobal
